
Microsoft Visual Studio Solution File, Format Version 12.00
# Visual Studio Version 16
VisualStudioVersion = 16.0.29926.136
MinimumVisualStudioVersion = 10.0.40219.1
Project("{F184B08F-C81C-45F6-A57F-5ABD9991F28F}") = "s_Bnl", "s_Bnl.vbproj", "{D4AD8343-AAFE-4C8F-A13A-925D6179FDE7}"
EndProject
Global
	GlobalSection(SolutionConfigurationPlatforms) = preSolution
		Debug|Any CPU = Debug|Any CPU
		Release|Any CPU = Release|Any CPU
	EndGlobalSection
	GlobalSection(ProjectConfigurationPlatforms) = postSolution
		{D4AD8343-AAFE-4C8F-A13A-925D6179FDE7}.Debug|Any CPU.ActiveCfg = Debug|Any CPU
		{D4AD8343-AAFE-4C8F-A13A-925D6179FDE7}.Debug|Any CPU.Build.0 = Debug|Any CPU
		{D4AD8343-AAFE-4C8F-A13A-925D6179FDE7}.Release|Any CPU.ActiveCfg = Release|Any CPU
		{D4AD8343-AAFE-4C8F-A13A-925D6179FDE7}.Release|Any CPU.Build.0 = Release|Any CPU
	EndGlobalSection
	GlobalSection(SolutionProperties) = preSolution
		HideSolutionNode = FALSE
	EndGlobalSection
	GlobalSection(ExtensibilityGlobals) = postSolution
		SolutionGuid = {D96DC7CC-5F10-4B35-8FA5-ECD7DC2AA5FF}
	EndGlobalSection
EndGlobal
